// !$*UTF8*$!
{
	archiveVersion = 1;
	classes = {
	};
	objectVersion = 46;
	objects = {

/* Begin PBXBuildFile section */
		1F097A1516266AE100F95A13 /* Foundation.framework in Frameworks */ = {isa = PBXBuildFile; fileRef = 1F097A1416266AE100F95A13 /* Foundation.framework */; };
		1F097A3E16266B3200F95A13 /* UIView+JJHotkeyViewTraverser.m in Sources */ = {isa = PBXBuildFile; fileRef = 1F097A3D16266B3200F95A13 /* UIView+JJHotkeyViewTraverser.m */; };
		1F097A4116266B9900F95A13 /* UIApplication+PRIVATEKeyEvents.m in Sources */ = {isa = PBXBuildFile; fileRef = 1F097A4016266B9900F95A13 /* UIApplication+PRIVATEKeyEvents.m */; };
		1F097A4316266BC600F95A13 /* GraphicsServices.framework in Frameworks */ = {isa = PBXBuildFile; fileRef = 1F097A4216266BC600F95A13 /* GraphicsServices.framework */; };
		1F0A52A516B491CC008F1ED1 /* JJHierarchyViewCell.m in Sources */ = {isa = PBXBuildFile; fileRef = 1F0A52A416B491CC008F1ED1 /* JJHierarchyViewCell.m */; };
		1F0A52A816B49253008F1ED1 /* JJHierarchyViewRow.m in Sources */ = {isa = PBXBuildFile; fileRef = 1F0A52A716B49253008F1ED1 /* JJHierarchyViewRow.m */; };
		1F0A52AB16B492F0008F1ED1 /* JJHierarchyView.m in Sources */ = {isa = PBXBuildFile; fileRef = 1F0A52AA16B492F0008F1ED1 /* JJHierarchyView.m */; };
		1F0A535516B4F9BF008F1ED1 /* JJButton.m in Sources */ = {isa = PBXBuildFile; fileRef = 1F0A535416B4F9BE008F1ED1 /* JJButton.m */; };
		1F0A535816B4F9DB008F1ED1 /* JJLabel.m in Sources */ = {isa = PBXBuildFile; fileRef = 1F0A535716B4F9DB008F1ED1 /* JJLabel.m */; };
		1F0A535C16B4FA2A008F1ED1 /* UIBezierPath+JJUtilities.m in Sources */ = {isa = PBXBuildFile; fileRef = 1F0A535B16B4FA2A008F1ED1 /* UIBezierPath+JJUtilities.m */; };
		1F10F3E716C7521100DBBBB4 /* JJObjectPropertiesView.m in Sources */ = {isa = PBXBuildFile; fileRef = 1F10F3E616C7521100DBBBB4 /* JJObjectPropertiesView.m */; };
		1F10F3EE16C77A5400DBBBB4 /* CALayer+JJRecentAnimations.m in Sources */ = {isa = PBXBuildFile; fileRef = 1F10F3ED16C77A5400DBBBB4 /* CALayer+JJRecentAnimations.m */; };
		1F10F3F116C77B8400DBBBB4 /* JJRecentAnimationsView.m in Sources */ = {isa = PBXBuildFile; fileRef = 1F10F3F016C77B8400DBBBB4 /* JJRecentAnimationsView.m */; };
		1F10F3F716C782D000DBBBB4 /* NSString+JJHighlightColon.m in Sources */ = {isa = PBXBuildFile; fileRef = 1F10F3F616C782D000DBBBB4 /* NSString+JJHighlightColon.m */; };
		1F254CA61626718C00C4695E /* JJHotkeyViewTraverser.m in Sources */ = {isa = PBXBuildFile; fileRef = 1F254CA51626718C00C4695E /* JJHotkeyViewTraverser.m */; };
		1F254CAA16267E1300C4695E /* NSObject+JJAssociatedObjects.m in Sources */ = {isa = PBXBuildFile; fileRef = 1F254CA916267E1300C4695E /* NSObject+JJAssociatedObjects.m */; };
		1F3F529516BA0B2A00545C48 /* JJNotificationInfoView.m in Sources */ = {isa = PBXBuildFile; fileRef = 1F3F529416BA0B2A00545C48 /* JJNotificationInfoView.m */; };
		1F76A8BA1626ADB500887C3B /* NSObject+JJPropertyInspection.m in Sources */ = {isa = PBXBuildFile; fileRef = 1F76A8B91626ADB500887C3B /* NSObject+JJPropertyInspection.m */; };
		1F9F99A716B5059500FF8CBB /* UIView+JJFrameUtilities.m in Sources */ = {isa = PBXBuildFile; fileRef = 1F9F99A616B5059500FF8CBB /* UIView+JJFrameUtilities.m */; };
		1FACDF7716C0D0BE00B41F93 /* JJTitledAttributedLabelView.m in Sources */ = {isa = PBXBuildFile; fileRef = 1FACDF7616C0D0BE00B41F93 /* JJTitledAttributedLabelView.m */; };
		1FBC5773165D6BA30052ED88 /* libicucore.dylib in Frameworks */ = {isa = PBXBuildFile; fileRef = 1FBC5772165D6BA30052ED88 /* libicucore.dylib */; };
		1FBC5776165D6BA90052ED88 /* CFNetwork.framework in Frameworks */ = {isa = PBXBuildFile; fileRef = 1FBC5775165D6BA90052ED88 /* CFNetwork.framework */; };
		1FBC5778165D6BAF0052ED88 /* Security.framework in Frameworks */ = {isa = PBXBuildFile; fileRef = 1FBC5777165D6BAF0052ED88 /* Security.framework */; };
		1FBDCEA516BDDA0600242C3A /* CALayer+JJHotkeyViewTraverser.m in Sources */ = {isa = PBXBuildFile; fileRef = 1FBDCEA416BDDA0600242C3A /* CALayer+JJHotkeyViewTraverser.m */; };
		1FBDCEAA16BE517800242C3A /* TTTAttributedLabel.m in Sources */ = {isa = PBXBuildFile; fileRef = 1FBDCEA916BE517700242C3A /* TTTAttributedLabel.m */; };
		1FBDCEAE16BF235900242C3A /* JJShortcutsView.m in Sources */ = {isa = PBXBuildFile; fileRef = 1FBDCEAD16BF235900242C3A /* JJShortcutsView.m */; };
		85C7D3696C93FEED63611A04 /* JJExternalDisplayManager.m in Sources */ = {isa = PBXBuildFile; fileRef = 85C7DBC1FBD00B29238E76D5 /* JJExternalDisplayManager.m */; };
		85C7D4F282D15E1D083897C5 /* JJExternalScreenRootViewController.h in CopyFiles */ = {isa = PBXBuildFile; fileRef = 85C7D546A849ABA22E84D963 /* JJExternalScreenRootViewController.h */; };
		85C7D74AA6016B3F887EF1FE /* JJExternalScreenRootView.h in CopyFiles */ = {isa = PBXBuildFile; fileRef = 85C7D85C61483841544977B8 /* JJExternalScreenRootView.h */; };
		85C7DA262260BFF21FB462B0 /* JJExternalScreenRootView.m in Sources */ = {isa = PBXBuildFile; fileRef = 85C7D512F0267C816DE86BD0 /* JJExternalScreenRootView.m */; };
		85C7DE2751AA07DE3E425BCE /* JJExternalDisplayManager.h in CopyFiles */ = {isa = PBXBuildFile; fileRef = 85C7D454E3B90870691F876A /* JJExternalDisplayManager.h */; };
		85C7DFF88C9B84B0DC932602 /* JJExternalScreenRootViewController.m in Sources */ = {isa = PBXBuildFile; fileRef = 85C7DD17F801D86BE51F1E36 /* JJExternalScreenRootViewController.m */; };
/* End PBXBuildFile section */

/* Begin PBXCopyFilesBuildPhase section */
		1F097A0F16266AE100F95A13 /* CopyFiles */ = {
			isa = PBXCopyFilesBuildPhase;
			buildActionMask = 2147483647;
			dstPath = "include/${PRODUCT_NAME}";
			dstSubfolderSpec = 16;
			files = (
				85C7DE2751AA07DE3E425BCE /* JJExternalDisplayManager.h in CopyFiles */,
				85C7D4F282D15E1D083897C5 /* JJExternalScreenRootViewController.h in CopyFiles */,
				85C7D74AA6016B3F887EF1FE /* JJExternalScreenRootView.h in CopyFiles */,
			);
			runOnlyForDeploymentPostprocessing = 0;
		};
/* End PBXCopyFilesBuildPhase section */

/* Begin PBXFileReference section */
		1F097A1116266AE100F95A13 /* libJJDebugTools.a */ = {isa = PBXFileReference; explicitFileType = archive.ar; includeInIndex = 0; path = libJJDebugTools.a; sourceTree = BUILT_PRODUCTS_DIR; };
		1F097A1416266AE100F95A13 /* Foundation.framework */ = {isa = PBXFileReference; lastKnownFileType = wrapper.framework; name = Foundation.framework; path = System/Library/Frameworks/Foundation.framework; sourceTree = SDKROOT; };
		1F097A1816266AE100F95A13 /* JJDebugTools-Prefix.pch */ = {isa = PBXFileReference; lastKnownFileType = sourcecode.c.h; path = "JJDebugTools-Prefix.pch"; sourceTree = "<group>"; };
		1F097A2316266AE100F95A13 /* SenTestingKit.framework */ = {isa = PBXFileReference; lastKnownFileType = wrapper.framework; name = SenTestingKit.framework; path = Library/Frameworks/SenTestingKit.framework; sourceTree = DEVELOPER_DIR; };
		1F097A2516266AE100F95A13 /* UIKit.framework */ = {isa = PBXFileReference; lastKnownFileType = wrapper.framework; name = UIKit.framework; path = Library/Frameworks/UIKit.framework; sourceTree = DEVELOPER_DIR; };
		1F097A3C16266B3200F95A13 /* UIView+JJHotkeyViewTraverser.h */ = {isa = PBXFileReference; fileEncoding = 4; lastKnownFileType = sourcecode.c.h; path = "UIView+JJHotkeyViewTraverser.h"; sourceTree = "<group>"; };
		1F097A3D16266B3200F95A13 /* UIView+JJHotkeyViewTraverser.m */ = {isa = PBXFileReference; fileEncoding = 4; lastKnownFileType = sourcecode.c.objc; path = "UIView+JJHotkeyViewTraverser.m"; sourceTree = "<group>"; };
		1F097A3F16266B9900F95A13 /* UIApplication+PRIVATEKeyEvents.h */ = {isa = PBXFileReference; fileEncoding = 4; lastKnownFileType = sourcecode.c.h; path = "UIApplication+PRIVATEKeyEvents.h"; sourceTree = "<group>"; };
		1F097A4016266B9900F95A13 /* UIApplication+PRIVATEKeyEvents.m */ = {isa = PBXFileReference; fileEncoding = 4; lastKnownFileType = sourcecode.c.objc; path = "UIApplication+PRIVATEKeyEvents.m"; sourceTree = "<group>"; };
		1F097A4216266BC600F95A13 /* GraphicsServices.framework */ = {isa = PBXFileReference; lastKnownFileType = wrapper.framework; name = GraphicsServices.framework; path = Platforms/iPhoneSimulator.platform/Developer/SDKs/iPhoneSimulator5.1.sdk/System/Library/PrivateFrameworks/GraphicsServices.framework; sourceTree = DEVELOPER_DIR; };
		1F097A4516266BFC00F95A13 /* GraphicsServices.h */ = {isa = PBXFileReference; fileEncoding = 4; lastKnownFileType = sourcecode.c.h; path = GraphicsServices.h; sourceTree = "<group>"; };
		1F097A4616266BFC00F95A13 /* GSBase.h */ = {isa = PBXFileReference; fileEncoding = 4; lastKnownFileType = sourcecode.c.h; path = GSBase.h; sourceTree = "<group>"; };
		1F097A4716266BFC00F95A13 /* GSCapability.h */ = {isa = PBXFileReference; fileEncoding = 4; lastKnownFileType = sourcecode.c.h; path = GSCapability.h; sourceTree = "<group>"; };
		1F097A4816266BFC00F95A13 /* GSColor.h */ = {isa = PBXFileReference; fileEncoding = 4; lastKnownFileType = sourcecode.c.h; path = GSColor.h; sourceTree = "<group>"; };
		1F097A4916266BFC00F95A13 /* GSEvent.h */ = {isa = PBXFileReference; fileEncoding = 4; lastKnownFileType = sourcecode.c.h; path = GSEvent.h; sourceTree = "<group>"; };
		1F097A4A16266BFC00F95A13 /* GSFont.h */ = {isa = PBXFileReference; fileEncoding = 4; lastKnownFileType = sourcecode.c.h; path = GSFont.h; sourceTree = "<group>"; };
		1F097A4B16266BFC00F95A13 /* GSGeometry.h */ = {isa = PBXFileReference; fileEncoding = 4; lastKnownFileType = sourcecode.c.h; path = GSGeometry.h; sourceTree = "<group>"; };
		1F097A4C16266BFC00F95A13 /* GSHeartbeat.h */ = {isa = PBXFileReference; fileEncoding = 4; lastKnownFileType = sourcecode.c.h; path = GSHeartbeat.h; sourceTree = "<group>"; };
		1F097A4D16266BFC00F95A13 /* GSHiccup.h */ = {isa = PBXFileReference; fileEncoding = 4; lastKnownFileType = sourcecode.c.h; path = GSHiccup.h; sourceTree = "<group>"; };
		1F097A4E16266BFC00F95A13 /* GSKeyboard.h */ = {isa = PBXFileReference; fileEncoding = 4; lastKnownFileType = sourcecode.c.h; path = GSKeyboard.h; sourceTree = "<group>"; };
		1F097A4F16266BFC00F95A13 /* GSMainScreen.h */ = {isa = PBXFileReference; fileEncoding = 4; lastKnownFileType = sourcecode.c.h; path = GSMainScreen.h; sourceTree = "<group>"; };
		1F097A5016266BFC00F95A13 /* GSMaps.h */ = {isa = PBXFileReference; fileEncoding = 4; lastKnownFileType = sourcecode.c.h; path = GSMaps.h; sourceTree = "<group>"; };
		1F097A5116266BFC00F95A13 /* GSStatusBar.h */ = {isa = PBXFileReference; fileEncoding = 4; lastKnownFileType = sourcecode.c.h; path = GSStatusBar.h; sourceTree = "<group>"; };
		1F097A5216266BFC00F95A13 /* GSWindow.h */ = {isa = PBXFileReference; fileEncoding = 4; lastKnownFileType = sourcecode.c.h; path = GSWindow.h; sourceTree = "<group>"; };
		1F0A52A316B491CC008F1ED1 /* JJHierarchyViewCell.h */ = {isa = PBXFileReference; fileEncoding = 4; lastKnownFileType = sourcecode.c.h; path = JJHierarchyViewCell.h; sourceTree = "<group>"; };
		1F0A52A416B491CC008F1ED1 /* JJHierarchyViewCell.m */ = {isa = PBXFileReference; fileEncoding = 4; lastKnownFileType = sourcecode.c.objc; path = JJHierarchyViewCell.m; sourceTree = "<group>"; };
		1F0A52A616B49253008F1ED1 /* JJHierarchyViewRow.h */ = {isa = PBXFileReference; fileEncoding = 4; lastKnownFileType = sourcecode.c.h; path = JJHierarchyViewRow.h; sourceTree = "<group>"; };
		1F0A52A716B49253008F1ED1 /* JJHierarchyViewRow.m */ = {isa = PBXFileReference; fileEncoding = 4; lastKnownFileType = sourcecode.c.objc; path = JJHierarchyViewRow.m; sourceTree = "<group>"; };
		1F0A52A916B492F0008F1ED1 /* JJHierarchyView.h */ = {isa = PBXFileReference; fileEncoding = 4; lastKnownFileType = sourcecode.c.h; path = JJHierarchyView.h; sourceTree = "<group>"; };
		1F0A52AA16B492F0008F1ED1 /* JJHierarchyView.m */ = {isa = PBXFileReference; fileEncoding = 4; lastKnownFileType = sourcecode.c.objc; path = JJHierarchyView.m; sourceTree = "<group>"; };
		1F0A535316B4F9BE008F1ED1 /* JJButton.h */ = {isa = PBXFileReference; fileEncoding = 4; lastKnownFileType = sourcecode.c.h; path = JJButton.h; sourceTree = "<group>"; };
		1F0A535416B4F9BE008F1ED1 /* JJButton.m */ = {isa = PBXFileReference; fileEncoding = 4; lastKnownFileType = sourcecode.c.objc; path = JJButton.m; sourceTree = "<group>"; };
		1F0A535616B4F9DB008F1ED1 /* JJLabel.h */ = {isa = PBXFileReference; fileEncoding = 4; lastKnownFileType = sourcecode.c.h; path = JJLabel.h; sourceTree = "<group>"; };
		1F0A535716B4F9DB008F1ED1 /* JJLabel.m */ = {isa = PBXFileReference; fileEncoding = 4; lastKnownFileType = sourcecode.c.objc; path = JJLabel.m; sourceTree = "<group>"; };
		1F0A535A16B4FA2A008F1ED1 /* UIBezierPath+JJUtilities.h */ = {isa = PBXFileReference; fileEncoding = 4; lastKnownFileType = sourcecode.c.h; path = "UIBezierPath+JJUtilities.h"; sourceTree = "<group>"; };
		1F0A535B16B4FA2A008F1ED1 /* UIBezierPath+JJUtilities.m */ = {isa = PBXFileReference; fileEncoding = 4; lastKnownFileType = sourcecode.c.objc; path = "UIBezierPath+JJUtilities.m"; sourceTree = "<group>"; };
		1F10F3E316C74DB100DBBBB4 /* JJArrowKeyReceiver.h */ = {isa = PBXFileReference; fileEncoding = 4; lastKnownFileType = sourcecode.c.h; path = JJArrowKeyReceiver.h; sourceTree = "<group>"; };
		1F10F3E516C7521100DBBBB4 /* JJObjectPropertiesView.h */ = {isa = PBXFileReference; fileEncoding = 4; lastKnownFileType = sourcecode.c.h; path = JJObjectPropertiesView.h; sourceTree = "<group>"; };
		1F10F3E616C7521100DBBBB4 /* JJObjectPropertiesView.m */ = {isa = PBXFileReference; fileEncoding = 4; lastKnownFileType = sourcecode.c.objc; path = JJObjectPropertiesView.m; sourceTree = "<group>"; };
		1F10F3EC16C77A5400DBBBB4 /* CALayer+JJRecentAnimations.h */ = {isa = PBXFileReference; fileEncoding = 4; lastKnownFileType = sourcecode.c.h; path = "CALayer+JJRecentAnimations.h"; sourceTree = "<group>"; };
		1F10F3ED16C77A5400DBBBB4 /* CALayer+JJRecentAnimations.m */ = {isa = PBXFileReference; fileEncoding = 4; lastKnownFileType = sourcecode.c.objc; path = "CALayer+JJRecentAnimations.m"; sourceTree = "<group>"; };
		1F10F3EF16C77B8400DBBBB4 /* JJRecentAnimationsView.h */ = {isa = PBXFileReference; fileEncoding = 4; lastKnownFileType = sourcecode.c.h; path = JJRecentAnimationsView.h; sourceTree = "<group>"; };
		1F10F3F016C77B8400DBBBB4 /* JJRecentAnimationsView.m */ = {isa = PBXFileReference; fileEncoding = 4; lastKnownFileType = sourcecode.c.objc; path = JJRecentAnimationsView.m; sourceTree = "<group>"; };
		1F10F3F516C782D000DBBBB4 /* NSString+JJHighlightColon.h */ = {isa = PBXFileReference; fileEncoding = 4; lastKnownFileType = sourcecode.c.h; path = "NSString+JJHighlightColon.h"; sourceTree = "<group>"; };
		1F10F3F616C782D000DBBBB4 /* NSString+JJHighlightColon.m */ = {isa = PBXFileReference; fileEncoding = 4; lastKnownFileType = sourcecode.c.objc; path = "NSString+JJHighlightColon.m"; sourceTree = "<group>"; };
		1F254CA41626718C00C4695E /* JJHotkeyViewTraverser.h */ = {isa = PBXFileReference; fileEncoding = 4; lastKnownFileType = sourcecode.c.h; path = JJHotkeyViewTraverser.h; sourceTree = "<group>"; };
		1F254CA51626718C00C4695E /* JJHotkeyViewTraverser.m */ = {isa = PBXFileReference; fileEncoding = 4; lastKnownFileType = sourcecode.c.objc; path = JJHotkeyViewTraverser.m; sourceTree = "<group>"; };
		1F254CA816267E1300C4695E /* NSObject+JJAssociatedObjects.h */ = {isa = PBXFileReference; fileEncoding = 4; lastKnownFileType = sourcecode.c.h; path = "NSObject+JJAssociatedObjects.h"; sourceTree = "<group>"; };
		1F254CA916267E1300C4695E /* NSObject+JJAssociatedObjects.m */ = {isa = PBXFileReference; fileEncoding = 4; lastKnownFileType = sourcecode.c.objc; path = "NSObject+JJAssociatedObjects.m"; sourceTree = "<group>"; };
		1F3F529316BA0B2A00545C48 /* JJNotificationInfoView.h */ = {isa = PBXFileReference; fileEncoding = 4; lastKnownFileType = sourcecode.c.h; path = JJNotificationInfoView.h; sourceTree = "<group>"; };
		1F3F529416BA0B2A00545C48 /* JJNotificationInfoView.m */ = {isa = PBXFileReference; fileEncoding = 4; lastKnownFileType = sourcecode.c.objc; path = JJNotificationInfoView.m; sourceTree = "<group>"; };
		1F76A8B81626ADB500887C3B /* NSObject+JJPropertyInspection.h */ = {isa = PBXFileReference; fileEncoding = 4; lastKnownFileType = sourcecode.c.h; path = "NSObject+JJPropertyInspection.h"; sourceTree = "<group>"; };
		1F76A8B91626ADB500887C3B /* NSObject+JJPropertyInspection.m */ = {isa = PBXFileReference; fileEncoding = 4; lastKnownFileType = sourcecode.c.objc; path = "NSObject+JJPropertyInspection.m"; sourceTree = "<group>"; };
		1F9F99A516B5059500FF8CBB /* UIView+JJFrameUtilities.h */ = {isa = PBXFileReference; fileEncoding = 4; lastKnownFileType = sourcecode.c.h; path = "UIView+JJFrameUtilities.h"; sourceTree = "<group>"; };
		1F9F99A616B5059500FF8CBB /* UIView+JJFrameUtilities.m */ = {isa = PBXFileReference; fileEncoding = 4; lastKnownFileType = sourcecode.c.objc; path = "UIView+JJFrameUtilities.m"; sourceTree = "<group>"; };
		1FACDF7516C0D0BE00B41F93 /* JJTitledAttributedLabelView.h */ = {isa = PBXFileReference; fileEncoding = 4; lastKnownFileType = sourcecode.c.h; path = JJTitledAttributedLabelView.h; sourceTree = "<group>"; };
		1FACDF7616C0D0BE00B41F93 /* JJTitledAttributedLabelView.m */ = {isa = PBXFileReference; fileEncoding = 4; lastKnownFileType = sourcecode.c.objc; path = JJTitledAttributedLabelView.m; sourceTree = "<group>"; };
		1FBC5772165D6BA30052ED88 /* libicucore.dylib */ = {isa = PBXFileReference; lastKnownFileType = "compiled.mach-o.dylib"; name = libicucore.dylib; path = usr/lib/libicucore.dylib; sourceTree = SDKROOT; };
		1FBC5775165D6BA90052ED88 /* CFNetwork.framework */ = {isa = PBXFileReference; lastKnownFileType = wrapper.framework; name = CFNetwork.framework; path = System/Library/Frameworks/CFNetwork.framework; sourceTree = SDKROOT; };
		1FBC5777165D6BAF0052ED88 /* Security.framework */ = {isa = PBXFileReference; lastKnownFileType = wrapper.framework; name = Security.framework; path = System/Library/Frameworks/Security.framework; sourceTree = SDKROOT; };
		1FBDCEA316BDDA0600242C3A /* CALayer+JJHotkeyViewTraverser.h */ = {isa = PBXFileReference; fileEncoding = 4; lastKnownFileType = sourcecode.c.h; path = "CALayer+JJHotkeyViewTraverser.h"; sourceTree = "<group>"; };
		1FBDCEA416BDDA0600242C3A /* CALayer+JJHotkeyViewTraverser.m */ = {isa = PBXFileReference; fileEncoding = 4; lastKnownFileType = sourcecode.c.objc; path = "CALayer+JJHotkeyViewTraverser.m"; sourceTree = "<group>"; };
		1FBDCEA816BE517700242C3A /* TTTAttributedLabel.h */ = {isa = PBXFileReference; fileEncoding = 4; lastKnownFileType = sourcecode.c.h; path = TTTAttributedLabel.h; sourceTree = "<group>"; };
		1FBDCEA916BE517700242C3A /* TTTAttributedLabel.m */ = {isa = PBXFileReference; fileEncoding = 4; lastKnownFileType = sourcecode.c.objc; path = TTTAttributedLabel.m; sourceTree = "<group>"; };
		1FBDCEAC16BF235900242C3A /* JJShortcutsView.h */ = {isa = PBXFileReference; fileEncoding = 4; lastKnownFileType = sourcecode.c.h; path = JJShortcutsView.h; sourceTree = "<group>"; };
		1FBDCEAD16BF235900242C3A /* JJShortcutsView.m */ = {isa = PBXFileReference; fileEncoding = 4; lastKnownFileType = sourcecode.c.objc; path = JJShortcutsView.m; sourceTree = "<group>"; };
		85C7D454E3B90870691F876A /* JJExternalDisplayManager.h */ = {isa = PBXFileReference; fileEncoding = 4; lastKnownFileType = sourcecode.c.h; path = JJExternalDisplayManager.h; sourceTree = "<group>"; };
		85C7D512F0267C816DE86BD0 /* JJExternalScreenRootView.m */ = {isa = PBXFileReference; fileEncoding = 4; lastKnownFileType = sourcecode.c.objc; path = JJExternalScreenRootView.m; sourceTree = "<group>"; };
		85C7D546A849ABA22E84D963 /* JJExternalScreenRootViewController.h */ = {isa = PBXFileReference; fileEncoding = 4; lastKnownFileType = sourcecode.c.h; path = JJExternalScreenRootViewController.h; sourceTree = "<group>"; };
		85C7D85C61483841544977B8 /* JJExternalScreenRootView.h */ = {isa = PBXFileReference; fileEncoding = 4; lastKnownFileType = sourcecode.c.h; path = JJExternalScreenRootView.h; sourceTree = "<group>"; };
		85C7DBC1FBD00B29238E76D5 /* JJExternalDisplayManager.m */ = {isa = PBXFileReference; fileEncoding = 4; lastKnownFileType = sourcecode.c.objc; path = JJExternalDisplayManager.m; sourceTree = "<group>"; };
		85C7DD17F801D86BE51F1E36 /* JJExternalScreenRootViewController.m */ = {isa = PBXFileReference; fileEncoding = 4; lastKnownFileType = sourcecode.c.objc; path = JJExternalScreenRootViewController.m; sourceTree = "<group>"; };
/* End PBXFileReference section */

/* Begin PBXFrameworksBuildPhase section */
		1F097A0E16266AE100F95A13 /* Frameworks */ = {
			isa = PBXFrameworksBuildPhase;
			buildActionMask = 2147483647;
			files = (
				1F097A1516266AE100F95A13 /* Foundation.framework in Frameworks */,
				1FBC5778165D6BAF0052ED88 /* Security.framework in Frameworks */,
				1FBC5776165D6BA90052ED88 /* CFNetwork.framework in Frameworks */,
				1FBC5773165D6BA30052ED88 /* libicucore.dylib in Frameworks */,
				1F097A4316266BC600F95A13 /* GraphicsServices.framework in Frameworks */,
			);
			runOnlyForDeploymentPostprocessing = 0;
		};
/* End PBXFrameworksBuildPhase section */

/* Begin PBXGroup section */
		1F097A0616266AE100F95A13 = {
			isa = PBXGroup;
			children = (
				1F0A52B416B4F91D008F1ED1 /* Third Party */,
				1F097A1616266AE100F95A13 /* JJDebugTools */,
				1F097A1716266AE100F95A13 /* Supporting Files */,
				1F097A1316266AE100F95A13 /* Frameworks */,
				1F097A1216266AE100F95A13 /* Products */,
			);
			sourceTree = "<group>";
		};
		1F097A1216266AE100F95A13 /* Products */ = {
			isa = PBXGroup;
			children = (
				1F097A1116266AE100F95A13 /* libJJDebugTools.a */,
			);
			name = Products;
			sourceTree = "<group>";
		};
		1F097A1316266AE100F95A13 /* Frameworks */ = {
			isa = PBXGroup;
			children = (
				1FBC5777165D6BAF0052ED88 /* Security.framework */,
				1FBC5775165D6BA90052ED88 /* CFNetwork.framework */,
				1FBC5772165D6BA30052ED88 /* libicucore.dylib */,
				1F097A4416266BFC00F95A13 /* GraphicsServices */,
				1F097A4216266BC600F95A13 /* GraphicsServices.framework */,
				1F097A1416266AE100F95A13 /* Foundation.framework */,
				1F097A2316266AE100F95A13 /* SenTestingKit.framework */,
				1F097A2516266AE100F95A13 /* UIKit.framework */,
			);
			name = Frameworks;
			sourceTree = "<group>";
		};
		1F097A1616266AE100F95A13 /* JJDebugTools */ = {
			isa = PBXGroup;
			children = (
				1FBDCEA616BDDABE00242C3A /* View Traverser */,
				85C7DE17D9857E63A6A600A1 /* External Screen */,
				1F097A3F16266B9900F95A13 /* UIApplication+PRIVATEKeyEvents.h */,
				1F097A4016266B9900F95A13 /* UIApplication+PRIVATEKeyEvents.m */,
				1F254CA816267E1300C4695E /* NSObject+JJAssociatedObjects.h */,
				1F254CA916267E1300C4695E /* NSObject+JJAssociatedObjects.m */,
				1F76A8B81626ADB500887C3B /* NSObject+JJPropertyInspection.h */,
				1F76A8B91626ADB500887C3B /* NSObject+JJPropertyInspection.m */,
				1FBDCEA816BE517700242C3A /* TTTAttributedLabel.h */,
				1FBDCEA916BE517700242C3A /* TTTAttributedLabel.m */,
				1F0A535316B4F9BE008F1ED1 /* JJButton.h */,
				1F0A535416B4F9BE008F1ED1 /* JJButton.m */,
				1F0A535616B4F9DB008F1ED1 /* JJLabel.h */,
				1F0A535716B4F9DB008F1ED1 /* JJLabel.m */,
				1F0A535A16B4FA2A008F1ED1 /* UIBezierPath+JJUtilities.h */,
				1F0A535B16B4FA2A008F1ED1 /* UIBezierPath+JJUtilities.m */,
				1F9F99A516B5059500FF8CBB /* UIView+JJFrameUtilities.h */,
				1F9F99A616B5059500FF8CBB /* UIView+JJFrameUtilities.m */,
			);
			path = JJDebugTools;
			sourceTree = "<group>";
		};
		1F097A1716266AE100F95A13 /* Supporting Files */ = {
			isa = PBXGroup;
			children = (
				1F097A1816266AE100F95A13 /* JJDebugTools-Prefix.pch */,
			);
			name = "Supporting Files";
			path = JJDebugTools;
			sourceTree = "<group>";
		};
		1F097A4416266BFC00F95A13 /* GraphicsServices */ = {
			isa = PBXGroup;
			children = (
				1F097A4516266BFC00F95A13 /* GraphicsServices.h */,
				1F097A4616266BFC00F95A13 /* GSBase.h */,
				1F097A4716266BFC00F95A13 /* GSCapability.h */,
				1F097A4816266BFC00F95A13 /* GSColor.h */,
				1F097A4916266BFC00F95A13 /* GSEvent.h */,
				1F097A4A16266BFC00F95A13 /* GSFont.h */,
				1F097A4B16266BFC00F95A13 /* GSGeometry.h */,
				1F097A4C16266BFC00F95A13 /* GSHeartbeat.h */,
				1F097A4D16266BFC00F95A13 /* GSHiccup.h */,
				1F097A4E16266BFC00F95A13 /* GSKeyboard.h */,
				1F097A4F16266BFC00F95A13 /* GSMainScreen.h */,
				1F097A5016266BFC00F95A13 /* GSMaps.h */,
				1F097A5116266BFC00F95A13 /* GSStatusBar.h */,
				1F097A5216266BFC00F95A13 /* GSWindow.h */,
			);
			name = GraphicsServices;
			path = JJDebugTools/GraphicsServices;
			sourceTree = "<group>";
		};
		1F0A52A216B49127008F1ED1 /* View Hierarchy */ = {
			isa = PBXGroup;
			children = (
				1F0A52A916B492F0008F1ED1 /* JJHierarchyView.h */,
				1F0A52AA16B492F0008F1ED1 /* JJHierarchyView.m */,
				1F0A52A616B49253008F1ED1 /* JJHierarchyViewRow.h */,
				1F0A52A716B49253008F1ED1 /* JJHierarchyViewRow.m */,
				1F0A52A316B491CC008F1ED1 /* JJHierarchyViewCell.h */,
				1F0A52A416B491CC008F1ED1 /* JJHierarchyViewCell.m */,
			);
			name = "View Hierarchy";
			sourceTree = "<group>";
		};
		1F0A52AC16B4BB96008F1ED1 /* Properties view */ = {
			isa = PBXGroup;
			children = (
				1F10F3E516C7521100DBBBB4 /* JJObjectPropertiesView.h */,
				1F10F3E616C7521100DBBBB4 /* JJObjectPropertiesView.m */,
				1FACDF7516C0D0BE00B41F93 /* JJTitledAttributedLabelView.h */,
				1FACDF7616C0D0BE00B41F93 /* JJTitledAttributedLabelView.m */,
			);
			name = "Properties view";
			sourceTree = "<group>";
		};
		1F0A52B416B4F91D008F1ED1 /* Third Party */ = {
			isa = PBXGroup;
			children = (
			);
			name = "Third Party";
			sourceTree = "<group>";
		};
		1F10F3E816C779B000DBBBB4 /* Recent Animations */ = {
			isa = PBXGroup;
			children = (
				1F10F3EF16C77B8400DBBBB4 /* JJRecentAnimationsView.h */,
				1F10F3F016C77B8400DBBBB4 /* JJRecentAnimationsView.m */,
				1F10F3EC16C77A5400DBBBB4 /* CALayer+JJRecentAnimations.h */,
				1F10F3ED16C77A5400DBBBB4 /* CALayer+JJRecentAnimations.m */,
				1F10F3F516C782D000DBBBB4 /* NSString+JJHighlightColon.h */,
				1F10F3F616C782D000DBBBB4 /* NSString+JJHighlightColon.m */,
			);
			name = "Recent Animations";
			sourceTree = "<group>";
		};
		1F3F529216BA0AFD00545C48 /* NSNotifications */ = {
			isa = PBXGroup;
			children = (
				1F3F529316BA0B2A00545C48 /* JJNotificationInfoView.h */,
				1F3F529416BA0B2A00545C48 /* JJNotificationInfoView.m */,
			);
			name = NSNotifications;
			sourceTree = "<group>";
		};
		1FBDCEA616BDDABE00242C3A /* View Traverser */ = {
			isa = PBXGroup;
			children = (
				1F10F3E316C74DB100DBBBB4 /* JJArrowKeyReceiver.h */,
				1F254CA41626718C00C4695E /* JJHotkeyViewTraverser.h */,
				1F254CA51626718C00C4695E /* JJHotkeyViewTraverser.m */,
				1F097A3C16266B3200F95A13 /* UIView+JJHotkeyViewTraverser.h */,
				1F097A3D16266B3200F95A13 /* UIView+JJHotkeyViewTraverser.m */,
				1FBDCEA316BDDA0600242C3A /* CALayer+JJHotkeyViewTraverser.h */,
				1FBDCEA416BDDA0600242C3A /* CALayer+JJHotkeyViewTraverser.m */,
			);
			name = "View Traverser";
			sourceTree = "<group>";
		};
		1FBDCEAB16BF207700242C3A /* Navigation helper */ = {
			isa = PBXGroup;
			children = (
				1FBDCEAC16BF235900242C3A /* JJShortcutsView.h */,
				1FBDCEAD16BF235900242C3A /* JJShortcutsView.m */,
			);
			name = "Navigation helper";
			sourceTree = "<group>";
		};
		85C7DE17D9857E63A6A600A1 /* External Screen */ = {
			isa = PBXGroup;
			children = (
				1F10F3E816C779B000DBBBB4 /* Recent Animations */,
				1FBDCEAB16BF207700242C3A /* Navigation helper */,
				1F3F529216BA0AFD00545C48 /* NSNotifications */,
				1F0A52AC16B4BB96008F1ED1 /* Properties view */,
				1F0A52A216B49127008F1ED1 /* View Hierarchy */,
				85C7D454E3B90870691F876A /* JJExternalDisplayManager.h */,
				85C7DBC1FBD00B29238E76D5 /* JJExternalDisplayManager.m */,
				85C7D546A849ABA22E84D963 /* JJExternalScreenRootViewController.h */,
				85C7DD17F801D86BE51F1E36 /* JJExternalScreenRootViewController.m */,
				85C7D85C61483841544977B8 /* JJExternalScreenRootView.h */,
				85C7D512F0267C816DE86BD0 /* JJExternalScreenRootView.m */,
			);
			path = "External Screen";
			sourceTree = "<group>";
		};
/* End PBXGroup section */

/* Begin PBXNativeTarget section */
		1F097A1016266AE100F95A13 /* JJDebugTools */ = {
			isa = PBXNativeTarget;
			buildConfigurationList = 1F097A3616266AE100F95A13 /* Build configuration list for PBXNativeTarget "JJDebugTools" */;
			buildPhases = (
				1F097A0D16266AE100F95A13 /* Sources */,
				1F097A0E16266AE100F95A13 /* Frameworks */,
				1F097A0F16266AE100F95A13 /* CopyFiles */,
			);
			buildRules = (
			);
			dependencies = (
			);
			name = JJDebugTools;
			productName = JJDebugTools;
			productReference = 1F097A1116266AE100F95A13 /* libJJDebugTools.a */;
			productType = "com.apple.product-type.library.static";
		};
/* End PBXNativeTarget section */

/* Begin PBXProject section */
		1F097A0816266AE100F95A13 /* Project object */ = {
			isa = PBXProject;
			attributes = {
				LastUpgradeCheck = 0450;
				ORGANIZATIONNAME = "Jacob Jennings";
			};
			buildConfigurationList = 1F097A0B16266AE100F95A13 /* Build configuration list for PBXProject "JJDebugTools" */;
			compatibilityVersion = "Xcode 3.2";
			developmentRegion = English;
			hasScannedForEncodings = 0;
			knownRegions = (
				en,
			);
			mainGroup = 1F097A0616266AE100F95A13;
			productRefGroup = 1F097A1216266AE100F95A13 /* Products */;
			projectDirPath = "";
			projectRoot = "";
			targets = (
				1F097A1016266AE100F95A13 /* JJDebugTools */,
			);
		};
/* End PBXProject section */

/* Begin PBXSourcesBuildPhase section */
		1F097A0D16266AE100F95A13 /* Sources */ = {
			isa = PBXSourcesBuildPhase;
			buildActionMask = 2147483647;
			files = (
				1F097A3E16266B3200F95A13 /* UIView+JJHotkeyViewTraverser.m in Sources */,
				1F097A4116266B9900F95A13 /* UIApplication+PRIVATEKeyEvents.m in Sources */,
				1F254CA61626718C00C4695E /* JJHotkeyViewTraverser.m in Sources */,
				1F254CAA16267E1300C4695E /* NSObject+JJAssociatedObjects.m in Sources */,
				1F76A8BA1626ADB500887C3B /* NSObject+JJPropertyInspection.m in Sources */,
				85C7D3696C93FEED63611A04 /* JJExternalDisplayManager.m in Sources */,
				85C7DFF88C9B84B0DC932602 /* JJExternalScreenRootViewController.m in Sources */,
				85C7DA262260BFF21FB462B0 /* JJExternalScreenRootView.m in Sources */,
				1F0A52A516B491CC008F1ED1 /* JJHierarchyViewCell.m in Sources */,
				1F0A52A816B49253008F1ED1 /* JJHierarchyViewRow.m in Sources */,
				1F0A52AB16B492F0008F1ED1 /* JJHierarchyView.m in Sources */,
				1F0A535516B4F9BF008F1ED1 /* JJButton.m in Sources */,
				1F0A535816B4F9DB008F1ED1 /* JJLabel.m in Sources */,
				1F0A535C16B4FA2A008F1ED1 /* UIBezierPath+JJUtilities.m in Sources */,
				1F9F99A716B5059500FF8CBB /* UIView+JJFrameUtilities.m in Sources */,
				1F3F529516BA0B2A00545C48 /* JJNotificationInfoView.m in Sources */,
				1FBDCEA516BDDA0600242C3A /* CALayer+JJHotkeyViewTraverser.m in Sources */,
				1FBDCEAA16BE517800242C3A /* TTTAttributedLabel.m in Sources */,
				1FBDCEAE16BF235900242C3A /* JJShortcutsView.m in Sources */,
				1FACDF7716C0D0BE00B41F93 /* JJTitledAttributedLabelView.m in Sources */,
				1F10F3E716C7521100DBBBB4 /* JJObjectPropertiesView.m in Sources */,
				1F10F3EE16C77A5400DBBBB4 /* CALayer+JJRecentAnimations.m in Sources */,
				1F10F3F116C77B8400DBBBB4 /* JJRecentAnimationsView.m in Sources */,
				1F10F3F716C782D000DBBBB4 /* NSString+JJHighlightColon.m in Sources */,
			);
			runOnlyForDeploymentPostprocessing = 0;
		};
/* End PBXSourcesBuildPhase section */

/* Begin XCBuildConfiguration section */
		1F097A3416266AE100F95A13 /* Debug */ = {
			isa = XCBuildConfiguration;
			buildSettings = {
				ALWAYS_SEARCH_USER_PATHS = NO;
				CLANG_CXX_LANGUAGE_STANDARD = "gnu++0x";
				CLANG_CXX_LIBRARY = "libc++";
				CLANG_ENABLE_OBJC_ARC = YES;
				CLANG_WARN_EMPTY_BODY = YES;
				CLANG_WARN__DUPLICATE_METHOD_MATCH = YES;
				COPY_PHASE_STRIP = NO;
				GCC_C_LANGUAGE_STANDARD = gnu99;
				GCC_DYNAMIC_NO_PIC = NO;
				GCC_OPTIMIZATION_LEVEL = 0;
				GCC_PREPROCESSOR_DEFINITIONS = (
					"DEBUG=1",
					"$(inherited)",
				);
				GCC_SYMBOLS_PRIVATE_EXTERN = NO;
				GCC_WARN_ABOUT_RETURN_TYPE = YES;
				GCC_WARN_UNINITIALIZED_AUTOS = YES;
				GCC_WARN_UNUSED_VARIABLE = YES;
				HEADER_SEARCH_PATHS = "";
				IPHONEOS_DEPLOYMENT_TARGET = 6.0;
				LIBRARY_SEARCH_PATHS = "";
				SDKROOT = iphoneos;
				USER_HEADER_SEARCH_PATHS = "";
			};
			name = Debug;
		};
		1F097A3516266AE100F95A13 /* Release */ = {
			isa = XCBuildConfiguration;
			buildSettings = {
				ALWAYS_SEARCH_USER_PATHS = NO;
				CLANG_CXX_LANGUAGE_STANDARD = "gnu++0x";
				CLANG_CXX_LIBRARY = "libc++";
				CLANG_ENABLE_OBJC_ARC = YES;
				CLANG_WARN_EMPTY_BODY = YES;
				CLANG_WARN__DUPLICATE_METHOD_MATCH = YES;
				COPY_PHASE_STRIP = YES;
				GCC_C_LANGUAGE_STANDARD = gnu99;
				GCC_WARN_ABOUT_RETURN_TYPE = YES;
				GCC_WARN_UNINITIALIZED_AUTOS = YES;
				GCC_WARN_UNUSED_VARIABLE = YES;
				HEADER_SEARCH_PATHS = "";
				IPHONEOS_DEPLOYMENT_TARGET = 6.0;
				LIBRARY_SEARCH_PATHS = "";
				SDKROOT = iphoneos;
				USER_HEADER_SEARCH_PATHS = "";
				VALIDATE_PRODUCT = YES;
			};
			name = Release;
		};
		1F097A3716266AE100F95A13 /* Debug */ = {
			isa = XCBuildConfiguration;
			buildSettings = {
				DSTROOT = /tmp/JJDebugTools.dst;
				FRAMEWORK_SEARCH_PATHS = (
					"$(inherited)",
					"\"$(SYSTEM_APPS_DIR)/Xcode.app/Contents/Developer/Platforms/iPhoneSimulator.platform/Developer/SDKs/iPhoneSimulator5.1.sdk/System/Library/PrivateFrameworks\"",
				);
				GCC_PRECOMPILE_PREFIX_HEADER = YES;
				GCC_PREFIX_HEADER = "JJDebugTools/JJDebugTools-Prefix.pch";
				OTHER_LDFLAGS = (
					"-all_load",
					"-ObjC",
				);
				PRODUCT_NAME = "$(TARGET_NAME)";
				SKIP_INSTALL = YES;
			};
			name = Debug;
		};
		1F097A3816266AE100F95A13 /* Release */ = {
			isa = XCBuildConfiguration;
			buildSettings = {
				DSTROOT = /tmp/JJDebugTools.dst;
				FRAMEWORK_SEARCH_PATHS = (
					"$(inherited)",
					"\"$(SYSTEM_APPS_DIR)/Xcode.app/Contents/Developer/Platforms/iPhoneSimulator.platform/Developer/SDKs/iPhoneSimulator5.1.sdk/System/Library/PrivateFrameworks\"",
				);
				GCC_PRECOMPILE_PREFIX_HEADER = YES;
				GCC_PREFIX_HEADER = "JJDebugTools/JJDebugTools-Prefix.pch";
				OTHER_LDFLAGS = (
					"-all_load",
					"-ObjC",
				);
				PRODUCT_NAME = "$(TARGET_NAME)";
				SKIP_INSTALL = YES;
			};
			name = Release;
		};
/* End XCBuildConfiguration section */

/* Begin XCConfigurationList section */
		1F097A0B16266AE100F95A13 /* Build configuration list for PBXProject "JJDebugTools" */ = {
			isa = XCConfigurationList;
			buildConfigurations = (
				1F097A3416266AE100F95A13 /* Debug */,
				1F097A3516266AE100F95A13 /* Release */,
			);
			defaultConfigurationIsVisible = 0;
			defaultConfigurationName = Release;
		};
		1F097A3616266AE100F95A13 /* Build configuration list for PBXNativeTarget "JJDebugTools" */ = {
			isa = XCConfigurationList;
			buildConfigurations = (
				1F097A3716266AE100F95A13 /* Debug */,
				1F097A3816266AE100F95A13 /* Release */,
			);
			defaultConfigurationIsVisible = 0;
			defaultConfigurationName = Release;
		};
/* End XCConfigurationList section */
	};
	rootObject = 1F097A0816266AE100F95A13 /* Project object */;
}
